
Microsoft Visual Studio Solution File, Format Version 12.00
# Visual Studio Version 16
VisualStudioVersion = 16.0.30128.74
MinimumVisualStudioVersion = 10.0.40219.1
Project("{FAE04EC0-301F-11D3-BF4B-00C04F79EFBC}") = "CICDTEST", "CICDTEST\CICDTEST.csproj", "{60F55529-31DA-48D6-A7E5-3882623A3C9C}"
EndProject
Global
	GlobalSection(SolutionConfigurationPlatforms) = preSolution
		Debug|Any CPU = Debug|Any CPU
		Release|Any CPU = Release|Any CPU
	EndGlobalSection
	GlobalSection(ProjectConfigurationPlatforms) = postSolution
		{60F55529-31DA-48D6-A7E5-3882623A3C9C}.Debug|Any CPU.ActiveCfg = Debug|Any CPU
		{60F55529-31DA-48D6-A7E5-3882623A3C9C}.Debug|Any CPU.Build.0 = Debug|Any CPU
		{60F55529-31DA-48D6-A7E5-3882623A3C9C}.Release|Any CPU.ActiveCfg = Release|Any CPU
		{60F55529-31DA-48D6-A7E5-3882623A3C9C}.Release|Any CPU.Build.0 = Release|Any CPU
	EndGlobalSection
	GlobalSection(SolutionProperties) = preSolution
		HideSolutionNode = FALSE
	EndGlobalSection
	GlobalSection(ExtensibilityGlobals) = postSolution
		SolutionGuid = {1A8D570C-D5D6-42EA-A1A2-0593E4F7C8CA}
	EndGlobalSection
EndGlobal
